
Microsoft Visual Studio Solution File, Format Version 12.00
# Visual Studio Version 17
VisualStudioVersion = 17.1.32407.343
MinimumVisualStudioVersion = 10.0.40219.1
Project("{9A19103F-16F7-4668-BE54-9A1E7A4F7556}") = "FluentTry", "FluentTry\FluentTry.csproj", "{A3351AD4-803B-43DF-815F-D66ADA8EA65B}"
EndProject
Project("{9A19103F-16F7-4668-BE54-9A1E7A4F7556}") = "FluentTry.Tests", "FluentTry.Tests\FluentTry.Tests.csproj", "{670CA2C9-BA22-421B-B83A-869EFB967BFC}"
EndProject
Project("{2150E333-8FDC-42A3-9474-1A3956D46DE8}") = "Solution Items", "Solution Items", "{3CE377CD-4E1C-476E-B919-229E62FB59C7}"
	ProjectSection(SolutionItems) = preProject
		TODO.txt = TODO.txt
	EndProjectSection
EndProject
Global
	GlobalSection(SolutionConfigurationPlatforms) = preSolution
		Debug|Any CPU = Debug|Any CPU
		Release|Any CPU = Release|Any CPU
	EndGlobalSection
	GlobalSection(ProjectConfigurationPlatforms) = postSolution
		{A3351AD4-803B-43DF-815F-D66ADA8EA65B}.Debug|Any CPU.ActiveCfg = Debug|Any CPU
		{A3351AD4-803B-43DF-815F-D66ADA8EA65B}.Debug|Any CPU.Build.0 = Debug|Any CPU
		{A3351AD4-803B-43DF-815F-D66ADA8EA65B}.Release|Any CPU.ActiveCfg = Release|Any CPU
		{A3351AD4-803B-43DF-815F-D66ADA8EA65B}.Release|Any CPU.Build.0 = Release|Any CPU
		{670CA2C9-BA22-421B-B83A-869EFB967BFC}.Debug|Any CPU.ActiveCfg = Debug|Any CPU
		{670CA2C9-BA22-421B-B83A-869EFB967BFC}.Debug|Any CPU.Build.0 = Debug|Any CPU
		{670CA2C9-BA22-421B-B83A-869EFB967BFC}.Release|Any CPU.ActiveCfg = Release|Any CPU
		{670CA2C9-BA22-421B-B83A-869EFB967BFC}.Release|Any CPU.Build.0 = Release|Any CPU
	EndGlobalSection
	GlobalSection(SolutionProperties) = preSolution
		HideSolutionNode = FALSE
	EndGlobalSection
	GlobalSection(ExtensibilityGlobals) = postSolution
		SolutionGuid = {370B985F-B10E-498F-B138-C8CF7BCD7B29}
	EndGlobalSection
EndGlobal
